// !$*UTF8*$!
{
	archiveVersion = 1;
	classes = {
	};
	objectVersion = 46;
	objects = {

/* Begin PBXBuildFile section */
		A99B38671B5AFB95007ED83B /* SCNote.swift in Sources */ = {isa = PBXBuildFile; fileRef = A99B38661B5AFB95007ED83B /* SCNote.swift */; };
		A99B38691B5AFCB3007ED83B /* SCNoteTests.swift in Sources */ = {isa = PBXBuildFile; fileRef = A99B38681B5AFCB3007ED83B /* SCNoteTests.swift */; };
		A99B386B1B5C51E1007ED83B /* SCNotesListTableViewController.swift in Sources */ = {isa = PBXBuildFile; fileRef = A99B386A1B5C51E1007ED83B /* SCNotesListTableViewController.swift */; };
		A9D82A6E1B5AAEFE00577342 /* AppDelegate.swift in Sources */ = {isa = PBXBuildFile; fileRef = A9D82A6D1B5AAEFE00577342 /* AppDelegate.swift */; };
		A9D82A731B5AAEFE00577342 /* Main.storyboard in Resources */ = {isa = PBXBuildFile; fileRef = A9D82A711B5AAEFE00577342 /* Main.storyboard */; };
		A9D82A751B5AAEFE00577342 /* Assets.xcassets in Resources */ = {isa = PBXBuildFile; fileRef = A9D82A741B5AAEFE00577342 /* Assets.xcassets */; };
		A9D82A781B5AAEFE00577342 /* LaunchScreen.storyboard in Resources */ = {isa = PBXBuildFile; fileRef = A9D82A761B5AAEFE00577342 /* LaunchScreen.storyboard */; };
		A9D82A831B5AAEFE00577342 /* SpeakersCornerTests.swift in Sources */ = {isa = PBXBuildFile; fileRef = A9D82A821B5AAEFE00577342 /* SpeakersCornerTests.swift */; };
		A9D82A8E1B5AAEFE00577342 /* SpeakersCornerUITests.swift in Sources */ = {isa = PBXBuildFile; fileRef = A9D82A8D1B5AAEFE00577342 /* SpeakersCornerUITests.swift */; };
/* End PBXBuildFile section */

/* Begin PBXContainerItemProxy section */
		A9D82A7F1B5AAEFE00577342 /* PBXContainerItemProxy */ = {
			isa = PBXContainerItemProxy;
			containerPortal = A9D82A621B5AAEFE00577342 /* Project object */;
			proxyType = 1;
			remoteGlobalIDString = A9D82A691B5AAEFE00577342;
			remoteInfo = SpeakersCorner;
		};
		A9D82A8A1B5AAEFE00577342 /* PBXContainerItemProxy */ = {
			isa = PBXContainerItemProxy;
			containerPortal = A9D82A621B5AAEFE00577342 /* Project object */;
			proxyType = 1;
			remoteGlobalIDString = A9D82A691B5AAEFE00577342;
			remoteInfo = SpeakersCorner;
		};
/* End PBXContainerItemProxy section */

/* Begin PBXFileReference section */
		A99B38661B5AFB95007ED83B /* SCNote.swift */ = {isa = PBXFileReference; fileEncoding = 4; lastKnownFileType = sourcecode.swift; path = SCNote.swift; sourceTree = "<group>"; };
		A99B38681B5AFCB3007ED83B /* SCNoteTests.swift */ = {isa = PBXFileReference; fileEncoding = 4; lastKnownFileType = sourcecode.swift; path = SCNoteTests.swift; sourceTree = "<group>"; };
		A99B386A1B5C51E1007ED83B /* SCNotesListTableViewController.swift */ = {isa = PBXFileReference; fileEncoding = 4; lastKnownFileType = sourcecode.swift; path = SCNotesListTableViewController.swift; sourceTree = "<group>"; };
		A9D82A6A1B5AAEFE00577342 /* SpeakersCorner.app */ = {isa = PBXFileReference; explicitFileType = wrapper.application; includeInIndex = 0; path = SpeakersCorner.app; sourceTree = BUILT_PRODUCTS_DIR; };
		A9D82A6D1B5AAEFE00577342 /* AppDelegate.swift */ = {isa = PBXFileReference; lastKnownFileType = sourcecode.swift; path = AppDelegate.swift; sourceTree = "<group>"; };
		A9D82A721B5AAEFE00577342 /* Base */ = {isa = PBXFileReference; lastKnownFileType = file.storyboard; name = Base; path = Base.lproj/Main.storyboard; sourceTree = "<group>"; };
		A9D82A741B5AAEFE00577342 /* Assets.xcassets */ = {isa = PBXFileReference; lastKnownFileType = folder.assetcatalog; path = Assets.xcassets; sourceTree = "<group>"; };
		A9D82A771B5AAEFE00577342 /* Base */ = {isa = PBXFileReference; lastKnownFileType = file.storyboard; name = Base; path = Base.lproj/LaunchScreen.storyboard; sourceTree = "<group>"; };
		A9D82A791B5AAEFE00577342 /* Info.plist */ = {isa = PBXFileReference; lastKnownFileType = text.plist.xml; path = Info.plist; sourceTree = "<group>"; };
		A9D82A7E1B5AAEFE00577342 /* SpeakersCornerTests.xctest */ = {isa = PBXFileReference; explicitFileType = wrapper.cfbundle; includeInIndex = 0; path = SpeakersCornerTests.xctest; sourceTree = BUILT_PRODUCTS_DIR; };
		A9D82A821B5AAEFE00577342 /* SpeakersCornerTests.swift */ = {isa = PBXFileReference; lastKnownFileType = sourcecode.swift; path = SpeakersCornerTests.swift; sourceTree = "<group>"; };
		A9D82A841B5AAEFE00577342 /* Info.plist */ = {isa = PBXFileReference; lastKnownFileType = text.plist.xml; path = Info.plist; sourceTree = "<group>"; };
		A9D82A891B5AAEFE00577342 /* SpeakersCornerUITests.xctest */ = {isa = PBXFileReference; explicitFileType = wrapper.cfbundle; includeInIndex = 0; path = SpeakersCornerUITests.xctest; sourceTree = BUILT_PRODUCTS_DIR; };
		A9D82A8D1B5AAEFE00577342 /* SpeakersCornerUITests.swift */ = {isa = PBXFileReference; lastKnownFileType = sourcecode.swift; path = SpeakersCornerUITests.swift; sourceTree = "<group>"; };
		A9D82A8F1B5AAEFE00577342 /* Info.plist */ = {isa = PBXFileReference; lastKnownFileType = text.plist.xml; path = Info.plist; sourceTree = "<group>"; };
/* End PBXFileReference section */

/* Begin PBXFrameworksBuildPhase section */
		A9D82A671B5AAEFE00577342 /* Frameworks */ = {
			isa = PBXFrameworksBuildPhase;
			buildActionMask = 2147483647;
			files = (
			);
			runOnlyForDeploymentPostprocessing = 0;
		};
		A9D82A7B1B5AAEFE00577342 /* Frameworks */ = {
			isa = PBXFrameworksBuildPhase;
			buildActionMask = 2147483647;
			files = (
			);
			runOnlyForDeploymentPostprocessing = 0;
		};
		A9D82A861B5AAEFE00577342 /* Frameworks */ = {
			isa = PBXFrameworksBuildPhase;
			buildActionMask = 2147483647;
			files = (
			);
			runOnlyForDeploymentPostprocessing = 0;
		};
/* End PBXFrameworksBuildPhase section */

/* Begin PBXGroup section */
		A99B38651B5AF956007ED83B /* Models */ = {
			isa = PBXGroup;
			children = (
				A99B38661B5AFB95007ED83B /* SCNote.swift */,
			);
			name = Models;
			sourceTree = "<group>";
		};
		A9D82A611B5AAEFE00577342 = {
			isa = PBXGroup;
			children = (
				A99B38651B5AF956007ED83B /* Models */,
				A9D82A6C1B5AAEFE00577342 /* SpeakersCorner */,
				A9D82A811B5AAEFE00577342 /* SpeakersCornerTests */,
				A9D82A8C1B5AAEFE00577342 /* SpeakersCornerUITests */,
				A9D82A6B1B5AAEFE00577342 /* Products */,
			);
			sourceTree = "<group>";
		};
		A9D82A6B1B5AAEFE00577342 /* Products */ = {
			isa = PBXGroup;
			children = (
				A9D82A6A1B5AAEFE00577342 /* SpeakersCorner.app */,
				A9D82A7E1B5AAEFE00577342 /* SpeakersCornerTests.xctest */,
				A9D82A891B5AAEFE00577342 /* SpeakersCornerUITests.xctest */,
			);
			name = Products;
			sourceTree = "<group>";
		};
		A9D82A6C1B5AAEFE00577342 /* SpeakersCorner */ = {
			isa = PBXGroup;
			children = (
				A9D82A6D1B5AAEFE00577342 /* AppDelegate.swift */,
				A99B386A1B5C51E1007ED83B /* SCNotesListTableViewController.swift */,
				A9D82A711B5AAEFE00577342 /* Main.storyboard */,
				A9D82A741B5AAEFE00577342 /* Assets.xcassets */,
				A9D82A761B5AAEFE00577342 /* LaunchScreen.storyboard */,
				A9D82A791B5AAEFE00577342 /* Info.plist */,
			);
			path = SpeakersCorner;
			sourceTree = "<group>";
		};
		A9D82A811B5AAEFE00577342 /* SpeakersCornerTests */ = {
			isa = PBXGroup;
			children = (
				A9D82A821B5AAEFE00577342 /* SpeakersCornerTests.swift */,
				A9D82A841B5AAEFE00577342 /* Info.plist */,
				A99B38681B5AFCB3007ED83B /* SCNoteTests.swift */,
			);
			path = SpeakersCornerTests;
			sourceTree = "<group>";
		};
		A9D82A8C1B5AAEFE00577342 /* SpeakersCornerUITests */ = {
			isa = PBXGroup;
			children = (
				A9D82A8D1B5AAEFE00577342 /* SpeakersCornerUITests.swift */,
				A9D82A8F1B5AAEFE00577342 /* Info.plist */,
			);
			path = SpeakersCornerUITests;
			sourceTree = "<group>";
		};
/* End PBXGroup section */

/* Begin PBXNativeTarget section */
		A9D82A691B5AAEFE00577342 /* SpeakersCorner */ = {
			isa = PBXNativeTarget;
			buildConfigurationList = A9D82A921B5AAEFE00577342 /* Build configuration list for PBXNativeTarget "SpeakersCorner" */;
			buildPhases = (
				A9D82A661B5AAEFE00577342 /* Sources */,
				A9D82A671B5AAEFE00577342 /* Frameworks */,
				A9D82A681B5AAEFE00577342 /* Resources */,
			);
			buildRules = (
			);
			dependencies = (
			);
			name = SpeakersCorner;
			productName = SpeakersCorner;
			productReference = A9D82A6A1B5AAEFE00577342 /* SpeakersCorner.app */;
			productType = "com.apple.product-type.application";
		};
		A9D82A7D1B5AAEFE00577342 /* SpeakersCornerTests */ = {
			isa = PBXNativeTarget;
			buildConfigurationList = A9D82A951B5AAEFE00577342 /* Build configuration list for PBXNativeTarget "SpeakersCornerTests" */;
			buildPhases = (
				A9D82A7A1B5AAEFE00577342 /* Sources */,
				A9D82A7B1B5AAEFE00577342 /* Frameworks */,
				A9D82A7C1B5AAEFE00577342 /* Resources */,
			);
			buildRules = (
			);
			dependencies = (
				A9D82A801B5AAEFE00577342 /* PBXTargetDependency */,
			);
			name = SpeakersCornerTests;
			productName = SpeakersCornerTests;
			productReference = A9D82A7E1B5AAEFE00577342 /* SpeakersCornerTests.xctest */;
			productType = "com.apple.product-type.bundle.unit-test";
		};
		A9D82A881B5AAEFE00577342 /* SpeakersCornerUITests */ = {
			isa = PBXNativeTarget;
			buildConfigurationList = A9D82A981B5AAEFE00577342 /* Build configuration list for PBXNativeTarget "SpeakersCornerUITests" */;
			buildPhases = (
				A9D82A851B5AAEFE00577342 /* Sources */,
				A9D82A861B5AAEFE00577342 /* Frameworks */,
				A9D82A871B5AAEFE00577342 /* Resources */,
			);
			buildRules = (
			);
			dependencies = (
				A9D82A8B1B5AAEFE00577342 /* PBXTargetDependency */,
			);
			name = SpeakersCornerUITests;
			productName = SpeakersCornerUITests;
			productReference = A9D82A891B5AAEFE00577342 /* SpeakersCornerUITests.xctest */;
			productType = "com.apple.product-type.bundle.ui-testing";
		};
/* End PBXNativeTarget section */

/* Begin PBXProject section */
		A9D82A621B5AAEFE00577342 /* Project object */ = {
			isa = PBXProject;
			attributes = {
				LastUpgradeCheck = 0700;
				ORGANIZATIONNAME = "Bill Glover";
				TargetAttributes = {
					A9D82A691B5AAEFE00577342 = {
						CreatedOnToolsVersion = 7.0;
					};
					A9D82A7D1B5AAEFE00577342 = {
						CreatedOnToolsVersion = 7.0;
						TestTargetID = A9D82A691B5AAEFE00577342;
					};
					A9D82A881B5AAEFE00577342 = {
						CreatedOnToolsVersion = 7.0;
						TestTargetID = A9D82A691B5AAEFE00577342;
					};
				};
			};
			buildConfigurationList = A9D82A651B5AAEFE00577342 /* Build configuration list for PBXProject "SpeakersCorner" */;
			compatibilityVersion = "Xcode 3.2";
			developmentRegion = English;
			hasScannedForEncodings = 0;
			knownRegions = (
				en,
				Base,
			);
			mainGroup = A9D82A611B5AAEFE00577342;
			productRefGroup = A9D82A6B1B5AAEFE00577342 /* Products */;
			projectDirPath = "";
			projectRoot = "";
			targets = (
				A9D82A691B5AAEFE00577342 /* SpeakersCorner */,
				A9D82A7D1B5AAEFE00577342 /* SpeakersCornerTests */,
				A9D82A881B5AAEFE00577342 /* SpeakersCornerUITests */,
			);
		};
/* End PBXProject section */

/* Begin PBXResourcesBuildPhase section */
		A9D82A681B5AAEFE00577342 /* Resources */ = {
			isa = PBXResourcesBuildPhase;
			buildActionMask = 2147483647;
			files = (
				A9D82A781B5AAEFE00577342 /* LaunchScreen.storyboard in Resources */,
				A9D82A751B5AAEFE00577342 /* Assets.xcassets in Resources */,
				A9D82A731B5AAEFE00577342 /* Main.storyboard in Resources */,
			);
			runOnlyForDeploymentPostprocessing = 0;
		};
		A9D82A7C1B5AAEFE00577342 /* Resources */ = {
			isa = PBXResourcesBuildPhase;
			buildActionMask = 2147483647;
			files = (
			);
			runOnlyForDeploymentPostprocessing = 0;
		};
		A9D82A871B5AAEFE00577342 /* Resources */ = {
			isa = PBXResourcesBuildPhase;
			buildActionMask = 2147483647;
			files = (
			);
			runOnlyForDeploymentPostprocessing = 0;
		};
/* End PBXResourcesBuildPhase section */

/* Begin PBXSourcesBuildPhase section */
		A9D82A661B5AAEFE00577342 /* Sources */ = {
			isa = PBXSourcesBuildPhase;
			buildActionMask = 2147483647;
			files = (
				A99B386B1B5C51E1007ED83B /* SCNotesListTableViewController.swift in Sources */,
				A9D82A6E1B5AAEFE00577342 /* AppDelegate.swift in Sources */,
				A99B38671B5AFB95007ED83B /* SCNote.swift in Sources */,
			);
			runOnlyForDeploymentPostprocessing = 0;
		};
		A9D82A7A1B5AAEFE00577342 /* Sources */ = {
			isa = PBXSourcesBuildPhase;
			buildActionMask = 2147483647;
			files = (
				A9D82A831B5AAEFE00577342 /* SpeakersCornerTests.swift in Sources */,
				A99B38691B5AFCB3007ED83B /* SCNoteTests.swift in Sources */,
			);
			runOnlyForDeploymentPostprocessing = 0;
		};
		A9D82A851B5AAEFE00577342 /* Sources */ = {
			isa = PBXSourcesBuildPhase;
			buildActionMask = 2147483647;
			files = (
				A9D82A8E1B5AAEFE00577342 /* SpeakersCornerUITests.swift in Sources */,
			);
			runOnlyForDeploymentPostprocessing = 0;
		};
/* End PBXSourcesBuildPhase section */

/* Begin PBXTargetDependency section */
		A9D82A801B5AAEFE00577342 /* PBXTargetDependency */ = {
			isa = PBXTargetDependency;
			target = A9D82A691B5AAEFE00577342 /* SpeakersCorner */;
			targetProxy = A9D82A7F1B5AAEFE00577342 /* PBXContainerItemProxy */;
		};
		A9D82A8B1B5AAEFE00577342 /* PBXTargetDependency */ = {
			isa = PBXTargetDependency;
			target = A9D82A691B5AAEFE00577342 /* SpeakersCorner */;
			targetProxy = A9D82A8A1B5AAEFE00577342 /* PBXContainerItemProxy */;
		};
/* End PBXTargetDependency section */

/* Begin PBXVariantGroup section */
		A9D82A711B5AAEFE00577342 /* Main.storyboard */ = {
			isa = PBXVariantGroup;
			children = (
				A9D82A721B5AAEFE00577342 /* Base */,
			);
			name = Main.storyboard;
			sourceTree = "<group>";
		};
		A9D82A761B5AAEFE00577342 /* LaunchScreen.storyboard */ = {
			isa = PBXVariantGroup;
			children = (
				A9D82A771B5AAEFE00577342 /* Base */,
			);
			name = LaunchScreen.storyboard;
			sourceTree = "<group>";
		};
/* End PBXVariantGroup section */

/* Begin XCBuildConfiguration section */
		A9D82A901B5AAEFE00577342 /* Debug */ = {
			isa = XCBuildConfiguration;
			buildSettings = {
				ALWAYS_SEARCH_USER_PATHS = NO;
				CLANG_CXX_LANGUAGE_STANDARD = "gnu++0x";
				CLANG_CXX_LIBRARY = "libc++";
				CLANG_ENABLE_MODULES = YES;
				CLANG_ENABLE_OBJC_ARC = YES;
				CLANG_WARN_BOOL_CONVERSION = YES;
				CLANG_WARN_CONSTANT_CONVERSION = YES;
				CLANG_WARN_DIRECT_OBJC_ISA_USAGE = YES_ERROR;
				CLANG_WARN_EMPTY_BODY = YES;
				CLANG_WARN_ENUM_CONVERSION = YES;
				CLANG_WARN_INT_CONVERSION = YES;
				CLANG_WARN_OBJC_ROOT_CLASS = YES_ERROR;
				CLANG_WARN_UNREACHABLE_CODE = YES;
				CLANG_WARN__DUPLICATE_METHOD_MATCH = YES;
				"CODE_SIGN_IDENTITY[sdk=iphoneos*]" = "iPhone Developer";
				COPY_PHASE_STRIP = NO;
				DEBUG_INFORMATION_FORMAT = dwarf;
				ENABLE_STRICT_OBJC_MSGSEND = YES;
				ENABLE_TESTABILITY = YES;
				GCC_C_LANGUAGE_STANDARD = gnu99;
				GCC_DYNAMIC_NO_PIC = NO;
				GCC_NO_COMMON_BLOCKS = YES;
				GCC_OPTIMIZATION_LEVEL = 0;
				GCC_PREPROCESSOR_DEFINITIONS = (
					"DEBUG=1",
					"$(inherited)",
				);
				GCC_WARN_64_TO_32_BIT_CONVERSION = YES;
				GCC_WARN_ABOUT_RETURN_TYPE = YES_ERROR;
				GCC_WARN_UNDECLARED_SELECTOR = YES;
				GCC_WARN_UNINITIALIZED_AUTOS = YES_AGGRESSIVE;
				GCC_WARN_UNUSED_FUNCTION = YES;
				GCC_WARN_UNUSED_VARIABLE = YES;
				IPHONEOS_DEPLOYMENT_TARGET = 9.0;
				MTL_ENABLE_DEBUG_INFO = YES;
				ONLY_ACTIVE_ARCH = YES;
				SDKROOT = iphoneos;
				SWIFT_OPTIMIZATION_LEVEL = "-Onone";
			};
			name = Debug;
		};
		A9D82A911B5AAEFE00577342 /* Release */ = {
			isa = XCBuildConfiguration;
			buildSettings = {
				ALWAYS_SEARCH_USER_PATHS = NO;
				CLANG_CXX_LANGUAGE_STANDARD = "gnu++0x";
				CLANG_CXX_LIBRARY = "libc++";
				CLANG_ENABLE_MODULES = YES;
				CLANG_ENABLE_OBJC_ARC = YES;
				CLANG_WARN_BOOL_CONVERSION = YES;
				CLANG_WARN_CONSTANT_CONVERSION = YES;
				CLANG_WARN_DIRECT_OBJC_ISA_USAGE = YES_ERROR;
				CLANG_WARN_EMPTY_BODY = YES;
				CLANG_WARN_ENUM_CONVERSION = YES;
				CLANG_WARN_INT_CONVERSION = YES;
				CLANG_WARN_OBJC_ROOT_CLASS = YES_ERROR;
				CLANG_WARN_UNREACHABLE_CODE = YES;
				CLANG_WARN__DUPLICATE_METHOD_MATCH = YES;
				"CODE_SIGN_IDENTITY[sdk=iphoneos*]" = "iPhone Developer";
				COPY_PHASE_STRIP = NO;
				DEBUG_INFORMATION_FORMAT = "dwarf-with-dsym";
				ENABLE_NS_ASSERTIONS = NO;
				ENABLE_STRICT_OBJC_MSGSEND = YES;
				GCC_C_LANGUAGE_STANDARD = gnu99;
				GCC_NO_COMMON_BLOCKS = YES;
				GCC_WARN_64_TO_32_BIT_CONVERSION = YES;
				GCC_WARN_ABOUT_RETURN_TYPE = YES_ERROR;
				GCC_WARN_UNDECLARED_SELECTOR = YES;
				GCC_WARN_UNINITIALIZED_AUTOS = YES_AGGRESSIVE;
				GCC_WARN_UNUSED_FUNCTION = YES;
				GCC_WARN_UNUSED_VARIABLE = YES;
				IPHONEOS_DEPLOYMENT_TARGET = 9.0;
				MTL_ENABLE_DEBUG_INFO = NO;
				SDKROOT = iphoneos;
				VALIDATE_PRODUCT = YES;
			};
			name = Release;
		};
		A9D82A931B5AAEFE00577342 /* Debug */ = {
			isa = XCBuildConfiguration;
			buildSettings = {
				ASSETCATALOG_COMPILER_APPICON_NAME = AppIcon;
				INFOPLIST_FILE = SpeakersCorner/Info.plist;
				LD_RUNPATH_SEARCH_PATHS = "$(inherited) @executable_path/Frameworks";
				PRODUCT_BUNDLE_IDENTIFIER = uk.co.billglover.SpeakersCorner;
				PRODUCT_NAME = "$(TARGET_NAME)";
			};
			name = Debug;
		};
		A9D82A941B5AAEFE00577342 /* Release */ = {
			isa = XCBuildConfiguration;
			buildSettings = {
				ASSETCATALOG_COMPILER_APPICON_NAME = AppIcon;
				INFOPLIST_FILE = SpeakersCorner/Info.plist;
				LD_RUNPATH_SEARCH_PATHS = "$(inherited) @executable_path/Frameworks";
				PRODUCT_BUNDLE_IDENTIFIER = uk.co.billglover.SpeakersCorner;
				PRODUCT_NAME = "$(TARGET_NAME)";
			};
			name = Release;
		};
		A9D82A961B5AAEFE00577342 /* Debug */ = {
			isa = XCBuildConfiguration;
			buildSettings = {
				BUNDLE_LOADER = "$(TEST_HOST)";
				INFOPLIST_FILE = SpeakersCornerTests/Info.plist;
				LD_RUNPATH_SEARCH_PATHS = "$(inherited) @executable_path/Frameworks @loader_path/Frameworks";
				PRODUCT_BUNDLE_IDENTIFIER = uk.co.billglover.SpeakersCornerTests;
				PRODUCT_NAME = "$(TARGET_NAME)";
				TEST_HOST = "$(BUILT_PRODUCTS_DIR)/SpeakersCorner.app/SpeakersCorner";
			};
			name = Debug;
		};
		A9D82A971B5AAEFE00577342 /* Release */ = {
			isa = XCBuildConfiguration;
			buildSettings = {
				BUNDLE_LOADER = "$(TEST_HOST)";
				INFOPLIST_FILE = SpeakersCornerTests/Info.plist;
				LD_RUNPATH_SEARCH_PATHS = "$(inherited) @executable_path/Frameworks @loader_path/Frameworks";
				PRODUCT_BUNDLE_IDENTIFIER = uk.co.billglover.SpeakersCornerTests;
				PRODUCT_NAME = "$(TARGET_NAME)";
				TEST_HOST = "$(BUILT_PRODUCTS_DIR)/SpeakersCorner.app/SpeakersCorner";
			};
			name = Release;
		};
		A9D82A991B5AAEFE00577342 /* Debug */ = {
			isa = XCBuildConfiguration;
			buildSettings = {
				INFOPLIST_FILE = SpeakersCornerUITests/Info.plist;
				LD_RUNPATH_SEARCH_PATHS = "$(inherited) @executable_path/Frameworks @loader_path/Frameworks";
				PRODUCT_BUNDLE_IDENTIFIER = uk.co.billglover.SpeakersCornerUITests;
				PRODUCT_NAME = "$(TARGET_NAME)";
				TEST_TARGET_NAME = SpeakersCorner;
				USES_XCTRUNNER = YES;
			};
			name = Debug;
		};
		A9D82A9A1B5AAEFE00577342 /* Release */ = {
			isa = XCBuildConfiguration;
			buildSettings = {
				INFOPLIST_FILE = SpeakersCornerUITests/Info.plist;
				LD_RUNPATH_SEARCH_PATHS = "$(inherited) @executable_path/Frameworks @loader_path/Frameworks";
				PRODUCT_BUNDLE_IDENTIFIER = uk.co.billglover.SpeakersCornerUITests;
				PRODUCT_NAME = "$(TARGET_NAME)";
				TEST_TARGET_NAME = SpeakersCorner;
				USES_XCTRUNNER = YES;
			};
			name = Release;
		};
/* End XCBuildConfiguration section */

/* Begin XCConfigurationList section */
		A9D82A651B5AAEFE00577342 /* Build configuration list for PBXProject "SpeakersCorner" */ = {
			isa = XCConfigurationList;
			buildConfigurations = (
				A9D82A901B5AAEFE00577342 /* Debug */,
				A9D82A911B5AAEFE00577342 /* Release */,
			);
			defaultConfigurationIsVisible = 0;
			defaultConfigurationName = Release;
		};
		A9D82A921B5AAEFE00577342 /* Build configuration list for PBXNativeTarget "SpeakersCorner" */ = {
			isa = XCConfigurationList;
			buildConfigurations = (
				A9D82A931B5AAEFE00577342 /* Debug */,
				A9D82A941B5AAEFE00577342 /* Release */,
			);
			defaultConfigurationIsVisible = 0;
			defaultConfigurationName = Release;
		};
		A9D82A951B5AAEFE00577342 /* Build configuration list for PBXNativeTarget "SpeakersCornerTests" */ = {
			isa = XCConfigurationList;
			buildConfigurations = (
				A9D82A961B5AAEFE00577342 /* Debug */,
				A9D82A971B5AAEFE00577342 /* Release */,
			);
			defaultConfigurationIsVisible = 0;
			defaultConfigurationName = Release;
		};
		A9D82A981B5AAEFE00577342 /* Build configuration list for PBXNativeTarget "SpeakersCornerUITests" */ = {
			isa = XCConfigurationList;
			buildConfigurations = (
				A9D82A991B5AAEFE00577342 /* Debug */,
				A9D82A9A1B5AAEFE00577342 /* Release */,
			);
			defaultConfigurationIsVisible = 0;
			defaultConfigurationName = Release;
		};
/* End XCConfigurationList section */
	};
	rootObject = A9D82A621B5AAEFE00577342 /* Project object */;
}
